
Microsoft Visual Studio Solution File, Format Version 12.00
# Visual Studio Version 17
VisualStudioVersion = 17.4.33213.308
MinimumVisualStudioVersion = 10.0.40219.1
Project("{FAE04EC0-301F-11D3-BF4B-00C04F79EFBC}") = "Abra_RestApi", "Abra_RestApi\Abra_RestApi.csproj", "{5786204E-789E-4A73-A436-967B35AD2F0E}"
EndProject
Global
	GlobalSection(SolutionConfigurationPlatforms) = preSolution
		Debug|Any CPU = Debug|Any CPU
		Release|Any CPU = Release|Any CPU
	EndGlobalSection
	GlobalSection(ProjectConfigurationPlatforms) = postSolution
		{5786204E-789E-4A73-A436-967B35AD2F0E}.Debug|Any CPU.ActiveCfg = Debug|Any CPU
		{5786204E-789E-4A73-A436-967B35AD2F0E}.Debug|Any CPU.Build.0 = Debug|Any CPU
		{5786204E-789E-4A73-A436-967B35AD2F0E}.Release|Any CPU.ActiveCfg = Release|Any CPU
		{5786204E-789E-4A73-A436-967B35AD2F0E}.Release|Any CPU.Build.0 = Release|Any CPU
	EndGlobalSection
	GlobalSection(SolutionProperties) = preSolution
		HideSolutionNode = FALSE
	EndGlobalSection
	GlobalSection(ExtensibilityGlobals) = postSolution
		SolutionGuid = {5FD32EA2-4119-42EC-BED1-A1C22F3D6AFA}
	EndGlobalSection
EndGlobal
